
Microsoft Visual Studio Solution File, Format Version 12.00
# Visual Studio Version 17
VisualStudioVersion = 17.8.34511.84
MinimumVisualStudioVersion = 10.0.40219.1
Project("{FAE04EC0-301F-11D3-BF4B-00C04F79EFBC}") = "Menu", "Menu\Menu.csproj", "{586FC719-A904-4D7E-83A8-432006251708}"
EndProject
Global
	GlobalSection(SolutionConfigurationPlatforms) = preSolution
		Debug|Any CPU = Debug|Any CPU
		Release|Any CPU = Release|Any CPU
	EndGlobalSection
	GlobalSection(ProjectConfigurationPlatforms) = postSolution
		{586FC719-A904-4D7E-83A8-432006251708}.Debug|Any CPU.ActiveCfg = Debug|Any CPU
		{586FC719-A904-4D7E-83A8-432006251708}.Debug|Any CPU.Build.0 = Debug|Any CPU
		{586FC719-A904-4D7E-83A8-432006251708}.Release|Any CPU.ActiveCfg = Release|Any CPU
		{586FC719-A904-4D7E-83A8-432006251708}.Release|Any CPU.Build.0 = Release|Any CPU
	EndGlobalSection
	GlobalSection(SolutionProperties) = preSolution
		HideSolutionNode = FALSE
	EndGlobalSection
	GlobalSection(ExtensibilityGlobals) = postSolution
		SolutionGuid = {684B7C5D-B3CD-4D73-BDB0-3FAFE0B8D054}
	EndGlobalSection
EndGlobal
